
Microsoft Visual Studio Solution File, Format Version 12.00
# Visual Studio Version 17
VisualStudioVersion = 17.11.35303.130
MinimumVisualStudioVersion = 10.0.40219.1
Project("{FAE04EC0-301F-11D3-BF4B-00C04F79EFBC}") = "WeatherDataAPI", "WeatherDataAPI\WeatherDataAPI.csproj", "{8BF08AA6-DF47-44D4-9184-052632C653C4}"
EndProject
Global
	GlobalSection(SolutionConfigurationPlatforms) = preSolution
		Debug|Any CPU = Debug|Any CPU
		Release|Any CPU = Release|Any CPU
	EndGlobalSection
	GlobalSection(ProjectConfigurationPlatforms) = postSolution
		{8BF08AA6-DF47-44D4-9184-052632C653C4}.Debug|Any CPU.ActiveCfg = Debug|Any CPU
		{8BF08AA6-DF47-44D4-9184-052632C653C4}.Debug|Any CPU.Build.0 = Debug|Any CPU
		{8BF08AA6-DF47-44D4-9184-052632C653C4}.Release|Any CPU.ActiveCfg = Release|Any CPU
		{8BF08AA6-DF47-44D4-9184-052632C653C4}.Release|Any CPU.Build.0 = Release|Any CPU
	EndGlobalSection
	GlobalSection(SolutionProperties) = preSolution
		HideSolutionNode = FALSE
	EndGlobalSection
	GlobalSection(ExtensibilityGlobals) = postSolution
		SolutionGuid = {AA3B9CE1-DAA4-4C51-9F35-7EFD30CF50D9}
	EndGlobalSection
EndGlobal
